// !$*UTF8*$!
{
	archiveVersion = 1;
	classes = {
	};
	objectVersion = 56;
	objects = {

/* Begin PBXBuildFile section */
		454DAB7429221428002CC8D6 /* ProductDetailViewController.swift in Sources */ = {isa = PBXBuildFile; fileRef = 454DAB7329221427002CC8D6 /* ProductDetailViewController.swift */; };
		454DAB7629221CF2002CC8D6 /* ProductDetailView.swift in Sources */ = {isa = PBXBuildFile; fileRef = 454DAB7529221CF2002CC8D6 /* ProductDetailView.swift */; };
		454DAB7829223E64002CC8D6 /* ProductInfoStackView.swift in Sources */ = {isa = PBXBuildFile; fileRef = 454DAB7729223E64002CC8D6 /* ProductInfoStackView.swift */; };
		454DAB7A292367B3002CC8D6 /* Int + Extension.swift in Sources */ = {isa = PBXBuildFile; fileRef = 454DAB79292367B3002CC8D6 /* Int + Extension.swift */; };
		454DAB7C292371A3002CC8D6 /* UIImageView + Extension.swift in Sources */ = {isa = PBXBuildFile; fileRef = 454DAB7B292371A3002CC8D6 /* UIImageView + Extension.swift */; };
		454DAB80292393E8002CC8D6 /* UIFont + Extension.swift in Sources */ = {isa = PBXBuildFile; fileRef = 454DAB7F292393E8002CC8D6 /* UIFont + Extension.swift */; };
		454DAB832923FEBF002CC8D6 /* MainViewController.swift in Sources */ = {isa = PBXBuildFile; fileRef = 454DAB822923FEBF002CC8D6 /* MainViewController.swift */; };
		454DAB8529240064002CC8D6 /* ProductMiniListView.swift in Sources */ = {isa = PBXBuildFile; fileRef = 454DAB8429240064002CC8D6 /* ProductMiniListView.swift */; };
		454DAB87292401F5002CC8D6 /* ProductMiniListTitleStackView.swift in Sources */ = {isa = PBXBuildFile; fileRef = 454DAB86292401F5002CC8D6 /* ProductMiniListTitleStackView.swift */; };
		454DAB8929240B99002CC8D6 /* ProductMiniListViewCell.swift in Sources */ = {isa = PBXBuildFile; fileRef = 454DAB8829240B99002CC8D6 /* ProductMiniListViewCell.swift */; };
		454DAB8C292607B0002CC8D6 /* DownloadableUIImageView.swift in Sources */ = {isa = PBXBuildFile; fileRef = 454DAB8B292607B0002CC8D6 /* DownloadableUIImageView.swift */; };
		185E225A2923B5F50016E01F /* UITextField + Extension.swift in Sources */ = {isa = PBXBuildFile; fileRef = 185E22592923B5F50016E01F /* UITextField + Extension.swift */; };
		18A132CB2921FB4D00E6FE34 /* ProductRegistViewController.swift in Sources */ = {isa = PBXBuildFile; fileRef = 18A132CA2921FB4D00E6FE34 /* ProductRegistViewController.swift */; };
		18A132CD2921FD0600E6FE34 /* ProductRegistView.swift in Sources */ = {isa = PBXBuildFile; fileRef = 18A132CC2921FD0600E6FE34 /* ProductRegistView.swift */; };
		18A132CF29224CE400E6FE34 /* ProductRegistCollectionViewCell.swift in Sources */ = {isa = PBXBuildFile; fileRef = 18A132CE29224CE400E6FE34 /* ProductRegistCollectionViewCell.swift */; };
		45578592291CB20F0082A983 /* CurrencyEnum.swift in Sources */ = {isa = PBXBuildFile; fileRef = 45578591291CB20F0082A983 /* CurrencyEnum.swift */; };
		4557859D291CEFC90082A983 /* NetworkTest.swift in Sources */ = {isa = PBXBuildFile; fileRef = 4557859C291CEFC90082A983 /* NetworkTest.swift */; };
		455785A7291CF2FF0082A983 /* SessionProtocol.swift in Sources */ = {isa = PBXBuildFile; fileRef = 455785A6291CF2FF0082A983 /* SessionProtocol.swift */; };
		455785A9291CF33A0082A983 /* StubSession.swift in Sources */ = {isa = PBXBuildFile; fileRef = 455785A8291CF33A0082A983 /* StubSession.swift */; };
		455785AB291CF49C0082A983 /* MockData.swift in Sources */ = {isa = PBXBuildFile; fileRef = 455785AA291CF49C0082A983 /* MockData.swift */; };
		455785B1291CF6B20082A983 /* ProductListMockData.json in Resources */ = {isa = PBXBuildFile; fileRef = 455785A3291CF1010082A983 /* ProductListMockData.json */; };
		455785B3291D0B730082A983 /* RegistrationProduct.swift in Sources */ = {isa = PBXBuildFile; fileRef = 455785B2291D0B730082A983 /* RegistrationProduct.swift */; };
		455785B6291D0C7E0082A983 /* UserInfo.swift in Sources */ = {isa = PBXBuildFile; fileRef = 455785B5291D0C7E0082A983 /* UserInfo.swift */; };
		455785B8291D0D620082A983 /* ProductDeleteKey.swift in Sources */ = {isa = PBXBuildFile; fileRef = 455785B7291D0D620082A983 /* ProductDeleteKey.swift */; };
		455785BB291D317F0082A983 /* UIImage + Extension.swift in Sources */ = {isa = PBXBuildFile; fileRef = 455785BA291D317F0082A983 /* UIImage + Extension.swift */; };
		455785BD291E55A20082A983 /* ProductListViewController.swift in Sources */ = {isa = PBXBuildFile; fileRef = 455785BC291E55A20082A983 /* ProductListViewController.swift */; };
		455785C1291E57910082A983 /* ProductListView.swift in Sources */ = {isa = PBXBuildFile; fileRef = 455785C0291E57910082A983 /* ProductListView.swift */; };
		455785C3291E5C660082A983 /* ProductListViewCell.swift in Sources */ = {isa = PBXBuildFile; fileRef = 455785C2291E5C650082A983 /* ProductListViewCell.swift */; };
		459EDB5F291CAE4700B1A7EB /* ProductListModel.swift in Sources */ = {isa = PBXBuildFile; fileRef = 459EDB5E291CAE4700B1A7EB /* ProductListModel.swift */; };
		4D85B71C291A1D0000E41E71 /* AppDelegate.swift in Sources */ = {isa = PBXBuildFile; fileRef = 4D85B71B291A1D0000E41E71 /* AppDelegate.swift */; };
		4D85B71E291A1D0000E41E71 /* SceneDelegate.swift in Sources */ = {isa = PBXBuildFile; fileRef = 4D85B71D291A1D0000E41E71 /* SceneDelegate.swift */; };
		4D8B7BBD291CE04400A6E5F2 /* HTTPMethod.swift in Sources */ = {isa = PBXBuildFile; fileRef = 4D8B7BBC291CE04400A6E5F2 /* HTTPMethod.swift */; };
		4D8B7BBF291CE09C00A6E5F2 /* APIRequestProtocol.swift in Sources */ = {isa = PBXBuildFile; fileRef = 4D8B7BBE291CE09C00A6E5F2 /* APIRequestProtocol.swift */; };
		4D8B7BC1291CE3CE00A6E5F2 /* NetworkManager.swift in Sources */ = {isa = PBXBuildFile; fileRef = 4D8B7BC0291CE3CE00A6E5F2 /* NetworkManager.swift */; };
		4D8B7BC3291CE41300A6E5F2 /* OpenMarketRequest.swift in Sources */ = {isa = PBXBuildFile; fileRef = 4D8B7BC2291CE41300A6E5F2 /* OpenMarketRequest.swift */; };
		4D8B7BC5291CE45B00A6E5F2 /* APIError.swift in Sources */ = {isa = PBXBuildFile; fileRef = 4D8B7BC4291CE45B00A6E5F2 /* APIError.swift */; };
		4D8B7BC7291D031200A6E5F2 /* ProductDetail.swift in Sources */ = {isa = PBXBuildFile; fileRef = 4D8B7BC6291D031200A6E5F2 /* ProductDetail.swift */; };
		4D8B7BCA291D24EA00A6E5F2 /* Data + Extension.swift in Sources */ = {isa = PBXBuildFile; fileRef = 4D8B7BC9291D24EA00A6E5F2 /* Data + Extension.swift */; };
		4D8B7BCC291D4E8D00A6E5F2 /* Assets.xcassets in Resources */ = {isa = PBXBuildFile; fileRef = 4D85B724291A1D0100E41E71 /* Assets.xcassets */; };
		4DAEADB6291E64EC0029C029 /* Double + Extension.swift in Sources */ = {isa = PBXBuildFile; fileRef = 4DAEADB5291E64EC0029C029 /* Double + Extension.swift */; };
		4DAEADB8291E652B0029C029 /* UILable + Extension.swift in Sources */ = {isa = PBXBuildFile; fileRef = 4DAEADB7291E652B0029C029 /* UILable + Extension.swift */; };
/* End PBXBuildFile section */

/* Begin PBXContainerItemProxy section */
		4557859E291CEFC90082A983 /* PBXContainerItemProxy */ = {
			isa = PBXContainerItemProxy;
			containerPortal = 4D85B710291A1D0000E41E71 /* Project object */;
			proxyType = 1;
			remoteGlobalIDString = 4D85B717291A1D0000E41E71;
			remoteInfo = "ios-open-market-refact";
		};
/* End PBXContainerItemProxy section */

/* Begin PBXFileReference section */
		454DAB7329221427002CC8D6 /* ProductDetailViewController.swift */ = {isa = PBXFileReference; lastKnownFileType = sourcecode.swift; path = ProductDetailViewController.swift; sourceTree = "<group>"; };
		454DAB7529221CF2002CC8D6 /* ProductDetailView.swift */ = {isa = PBXFileReference; lastKnownFileType = sourcecode.swift; path = ProductDetailView.swift; sourceTree = "<group>"; };
		454DAB7729223E64002CC8D6 /* ProductInfoStackView.swift */ = {isa = PBXFileReference; lastKnownFileType = sourcecode.swift; path = ProductInfoStackView.swift; sourceTree = "<group>"; };
		454DAB79292367B3002CC8D6 /* Int + Extension.swift */ = {isa = PBXFileReference; lastKnownFileType = sourcecode.swift; path = "Int + Extension.swift"; sourceTree = "<group>"; };
		454DAB7B292371A3002CC8D6 /* UIImageView + Extension.swift */ = {isa = PBXFileReference; lastKnownFileType = sourcecode.swift; path = "UIImageView + Extension.swift"; sourceTree = "<group>"; };
		454DAB7F292393E8002CC8D6 /* UIFont + Extension.swift */ = {isa = PBXFileReference; lastKnownFileType = sourcecode.swift; path = "UIFont + Extension.swift"; sourceTree = "<group>"; };
		454DAB822923FEBF002CC8D6 /* MainViewController.swift */ = {isa = PBXFileReference; lastKnownFileType = sourcecode.swift; path = MainViewController.swift; sourceTree = "<group>"; };
		454DAB8429240064002CC8D6 /* ProductMiniListView.swift */ = {isa = PBXFileReference; lastKnownFileType = sourcecode.swift; path = ProductMiniListView.swift; sourceTree = "<group>"; };
		454DAB86292401F5002CC8D6 /* ProductMiniListTitleStackView.swift */ = {isa = PBXFileReference; lastKnownFileType = sourcecode.swift; path = ProductMiniListTitleStackView.swift; sourceTree = "<group>"; };
		454DAB8829240B99002CC8D6 /* ProductMiniListViewCell.swift */ = {isa = PBXFileReference; lastKnownFileType = sourcecode.swift; path = ProductMiniListViewCell.swift; sourceTree = "<group>"; };
		454DAB8B292607B0002CC8D6 /* DownloadableUIImageView.swift */ = {isa = PBXFileReference; lastKnownFileType = sourcecode.swift; path = DownloadableUIImageView.swift; sourceTree = "<group>"; };
		185E22592923B5F50016E01F /* UITextField + Extension.swift */ = {isa = PBXFileReference; lastKnownFileType = sourcecode.swift; path = "UITextField + Extension.swift"; sourceTree = "<group>"; };
		18A132CA2921FB4D00E6FE34 /* ProductRegistViewController.swift */ = {isa = PBXFileReference; lastKnownFileType = sourcecode.swift; path = ProductRegistViewController.swift; sourceTree = "<group>"; };
		18A132CC2921FD0600E6FE34 /* ProductRegistView.swift */ = {isa = PBXFileReference; lastKnownFileType = sourcecode.swift; path = ProductRegistView.swift; sourceTree = "<group>"; };
		18A132CE29224CE400E6FE34 /* ProductRegistCollectionViewCell.swift */ = {isa = PBXFileReference; lastKnownFileType = sourcecode.swift; path = ProductRegistCollectionViewCell.swift; sourceTree = "<group>"; };
		45578591291CB20F0082A983 /* CurrencyEnum.swift */ = {isa = PBXFileReference; lastKnownFileType = sourcecode.swift; path = CurrencyEnum.swift; sourceTree = "<group>"; };
		4557859A291CEFC90082A983 /* ios-open-market-refact-Tests.xctest */ = {isa = PBXFileReference; explicitFileType = wrapper.cfbundle; includeInIndex = 0; path = "ios-open-market-refact-Tests.xctest"; sourceTree = BUILT_PRODUCTS_DIR; };
		4557859C291CEFC90082A983 /* NetworkTest.swift */ = {isa = PBXFileReference; lastKnownFileType = sourcecode.swift; path = NetworkTest.swift; sourceTree = "<group>"; };
		455785A3291CF1010082A983 /* ProductListMockData.json */ = {isa = PBXFileReference; lastKnownFileType = text.json; path = ProductListMockData.json; sourceTree = "<group>"; };
		455785A6291CF2FF0082A983 /* SessionProtocol.swift */ = {isa = PBXFileReference; lastKnownFileType = sourcecode.swift; path = SessionProtocol.swift; sourceTree = "<group>"; };
		455785A8291CF33A0082A983 /* StubSession.swift */ = {isa = PBXFileReference; lastKnownFileType = sourcecode.swift; path = StubSession.swift; sourceTree = "<group>"; };
		455785AA291CF49C0082A983 /* MockData.swift */ = {isa = PBXFileReference; lastKnownFileType = sourcecode.swift; path = MockData.swift; sourceTree = "<group>"; };
		455785B2291D0B730082A983 /* RegistrationProduct.swift */ = {isa = PBXFileReference; lastKnownFileType = sourcecode.swift; path = RegistrationProduct.swift; sourceTree = "<group>"; };
		455785B5291D0C7E0082A983 /* UserInfo.swift */ = {isa = PBXFileReference; lastKnownFileType = sourcecode.swift; path = UserInfo.swift; sourceTree = "<group>"; };
		455785B7291D0D620082A983 /* ProductDeleteKey.swift */ = {isa = PBXFileReference; lastKnownFileType = sourcecode.swift; path = ProductDeleteKey.swift; sourceTree = "<group>"; };
		455785BA291D317F0082A983 /* UIImage + Extension.swift */ = {isa = PBXFileReference; lastKnownFileType = sourcecode.swift; path = "UIImage + Extension.swift"; sourceTree = "<group>"; };
		455785BC291E55A20082A983 /* ProductListViewController.swift */ = {isa = PBXFileReference; lastKnownFileType = sourcecode.swift; path = ProductListViewController.swift; sourceTree = "<group>"; };
		455785C0291E57910082A983 /* ProductListView.swift */ = {isa = PBXFileReference; lastKnownFileType = sourcecode.swift; path = ProductListView.swift; sourceTree = "<group>"; };
		455785C2291E5C650082A983 /* ProductListViewCell.swift */ = {isa = PBXFileReference; lastKnownFileType = sourcecode.swift; path = ProductListViewCell.swift; sourceTree = "<group>"; };
		459EDB5E291CAE4700B1A7EB /* ProductListModel.swift */ = {isa = PBXFileReference; lastKnownFileType = sourcecode.swift; path = ProductListModel.swift; sourceTree = "<group>"; };
		4D85B718291A1D0000E41E71 /* ios-open-market-refact.app */ = {isa = PBXFileReference; explicitFileType = wrapper.application; includeInIndex = 0; path = "ios-open-market-refact.app"; sourceTree = BUILT_PRODUCTS_DIR; };
		4D85B71B291A1D0000E41E71 /* AppDelegate.swift */ = {isa = PBXFileReference; lastKnownFileType = sourcecode.swift; path = AppDelegate.swift; sourceTree = "<group>"; };
		4D85B71D291A1D0000E41E71 /* SceneDelegate.swift */ = {isa = PBXFileReference; lastKnownFileType = sourcecode.swift; path = SceneDelegate.swift; sourceTree = "<group>"; };
		4D85B724291A1D0100E41E71 /* Assets.xcassets */ = {isa = PBXFileReference; lastKnownFileType = folder.assetcatalog; path = Assets.xcassets; sourceTree = "<group>"; };
		4D85B729291A1D0100E41E71 /* Info.plist */ = {isa = PBXFileReference; lastKnownFileType = text.plist.xml; path = Info.plist; sourceTree = "<group>"; };
		4D8B7BBC291CE04400A6E5F2 /* HTTPMethod.swift */ = {isa = PBXFileReference; lastKnownFileType = sourcecode.swift; path = HTTPMethod.swift; sourceTree = "<group>"; };
		4D8B7BBE291CE09C00A6E5F2 /* APIRequestProtocol.swift */ = {isa = PBXFileReference; lastKnownFileType = sourcecode.swift; path = APIRequestProtocol.swift; sourceTree = "<group>"; };
		4D8B7BC0291CE3CE00A6E5F2 /* NetworkManager.swift */ = {isa = PBXFileReference; lastKnownFileType = sourcecode.swift; path = NetworkManager.swift; sourceTree = "<group>"; };
		4D8B7BC2291CE41300A6E5F2 /* OpenMarketRequest.swift */ = {isa = PBXFileReference; lastKnownFileType = sourcecode.swift; path = OpenMarketRequest.swift; sourceTree = "<group>"; };
		4D8B7BC4291CE45B00A6E5F2 /* APIError.swift */ = {isa = PBXFileReference; lastKnownFileType = sourcecode.swift; path = APIError.swift; sourceTree = "<group>"; };
		4D8B7BC6291D031200A6E5F2 /* ProductDetail.swift */ = {isa = PBXFileReference; lastKnownFileType = sourcecode.swift; path = ProductDetail.swift; sourceTree = "<group>"; };
		4D8B7BC9291D24EA00A6E5F2 /* Data + Extension.swift */ = {isa = PBXFileReference; lastKnownFileType = sourcecode.swift; path = "Data + Extension.swift"; sourceTree = "<group>"; };
		4DAEADB5291E64EC0029C029 /* Double + Extension.swift */ = {isa = PBXFileReference; lastKnownFileType = sourcecode.swift; path = "Double + Extension.swift"; sourceTree = "<group>"; };
		4DAEADB7291E652B0029C029 /* UILable + Extension.swift */ = {isa = PBXFileReference; lastKnownFileType = sourcecode.swift; path = "UILable + Extension.swift"; sourceTree = "<group>"; };
/* End PBXFileReference section */

/* Begin PBXFrameworksBuildPhase section */
		45578597291CEFC90082A983 /* Frameworks */ = {
			isa = PBXFrameworksBuildPhase;
			buildActionMask = 2147483647;
			files = (
			);
			runOnlyForDeploymentPostprocessing = 0;
		};
		4D85B715291A1D0000E41E71 /* Frameworks */ = {
			isa = PBXFrameworksBuildPhase;
			buildActionMask = 2147483647;
			files = (
			);
			runOnlyForDeploymentPostprocessing = 0;
		};
/* End PBXFrameworksBuildPhase section */

/* Begin PBXGroup section */
18A132C92921FB0700E6FE34 /* ProductRegistView */ = {
			isa = PBXGroup;
			children = (
				18A132CA2921FB4D00E6FE34 /* ProductRegistViewController.swift */,
				18A132CC2921FD0600E6FE34 /* ProductRegistView.swift */,
				18A132CE29224CE400E6FE34 /* ProductRegistCollectionViewCell.swift */,
			);
			path = ProductRegistView;
			sourceTree = "<group>";
		};
		454DAB7229221410002CC8D6 /* ProductDetailView */ = {
			isa = PBXGroup;
			children = (
				454DAB7329221427002CC8D6 /* ProductDetailViewController.swift */,
				454DAB7529221CF2002CC8D6 /* ProductDetailView.swift */,
				454DAB7729223E64002CC8D6 /* ProductInfoStackView.swift */,
			);
			path = ProductDetailView;
			sourceTree = "<group>";
		};
		454DAB812923FEB3002CC8D6 /* MainView */ = {
			isa = PBXGroup;
			children = (
				454DAB822923FEBF002CC8D6 /* MainViewController.swift */,
				454DAB8429240064002CC8D6 /* ProductMiniListView.swift */,
				454DAB86292401F5002CC8D6 /* ProductMiniListTitleStackView.swift */,
				454DAB8829240B99002CC8D6 /* ProductMiniListViewCell.swift */,
			);
			path = MainView;
			sourceTree = "<group>";
		};
		454DAB8A29260795002CC8D6 /* CustomDataType */ = {
			isa = PBXGroup;
			children = (
				454DAB8B292607B0002CC8D6 /* DownloadableUIImageView.swift */,
			);
			path = CustomDataType;
			sourceTree = "<group>";
		};
		4557859B291CEFC90082A983 /* ios-open-market-refact-Tests */ = {
			isa = PBXGroup;
			children = (
				455785A5291CF20F0082A983 /* TestDouble */,
				4557859C291CEFC90082A983 /* NetworkTest.swift */,
			);
			path = "ios-open-market-refact-Tests";
			sourceTree = "<group>";
		};
		455785A5291CF20F0082A983 /* TestDouble */ = {
			isa = PBXGroup;
			children = (
				455785A3291CF1010082A983 /* ProductListMockData.json */,
				455785A8291CF33A0082A983 /* StubSession.swift */,
				455785AA291CF49C0082A983 /* MockData.swift */,
			);
			path = TestDouble;
			sourceTree = "<group>";
		};
		455785B4291D0C720082A983 /* NameSpace */ = {
			isa = PBXGroup;
			children = (
				455785B5291D0C7E0082A983 /* UserInfo.swift */,
			);
			path = NameSpace;
			sourceTree = "<group>";
		};
		455785BE291E56AE0082A983 /* Presentation */ = {
			isa = PBXGroup;
			children = (
				454DAB812923FEB3002CC8D6 /* MainView */,
				454DAB7229221410002CC8D6 /* ProductDetailView */,
				18A132C92921FB0700E6FE34 /* ProductRegistView */,
				455785BF291E56C40082A983 /* ProductListView */,
			);
			path = Presentation;
			sourceTree = "<group>";
		};
		455785BF291E56C40082A983 /* ProductListView */ = {
			isa = PBXGroup;
			children = (
				455785BC291E55A20082A983 /* ProductListViewController.swift */,
				455785C0291E57910082A983 /* ProductListView.swift */,
				455785C2291E5C650082A983 /* ProductListViewCell.swift */,
			);
			path = ProductListView;
			sourceTree = "<group>";
		};
		459EDB5B291CADC500B1A7EB /* Source */ = {
			isa = PBXGroup;
			children = (
				4D85B724291A1D0100E41E71 /* Assets.xcassets */,
				4D85B729291A1D0100E41E71 /* Info.plist */,
			);
			path = Source;
			sourceTree = "<group>";
		};
		459EDB5C291CADD700B1A7EB /* Resource */ = {
			isa = PBXGroup;
			children = (
				4D85B71D291A1D0000E41E71 /* SceneDelegate.swift */,
				4D85B71B291A1D0000E41E71 /* AppDelegate.swift */,
				4D8B7BBA291CDEF400A6E5F2 /* Utill */,
				459EDB5D291CAE0C00B1A7EB /* Model */,
				455785BE291E56AE0082A983 /* Presentation */,
			);
			path = Resource;
			sourceTree = "<group>";
		};
		459EDB5D291CAE0C00B1A7EB /* Model */ = {
			isa = PBXGroup;
			children = (
				459EDB5E291CAE4700B1A7EB /* ProductListModel.swift */,
				4D8B7BC6291D031200A6E5F2 /* ProductDetail.swift */,
				45578591291CB20F0082A983 /* CurrencyEnum.swift */,
				455785B2291D0B730082A983 /* RegistrationProduct.swift */,
				455785B7291D0D620082A983 /* ProductDeleteKey.swift */,
			);
			path = Model;
			sourceTree = "<group>";
		};
		4D85B70F291A1D0000E41E71 = {
			isa = PBXGroup;
			children = (
				4D85B71A291A1D0000E41E71 /* ios-open-market-refact */,
				4557859B291CEFC90082A983 /* ios-open-market-refact-Tests */,
				4D85B719291A1D0000E41E71 /* Products */,
			);
			sourceTree = "<group>";
		};
		4D85B719291A1D0000E41E71 /* Products */ = {
			isa = PBXGroup;
			children = (
				4D85B718291A1D0000E41E71 /* ios-open-market-refact.app */,
				4557859A291CEFC90082A983 /* ios-open-market-refact-Tests.xctest */,
			);
			name = Products;
			sourceTree = "<group>";
		};
		4D85B71A291A1D0000E41E71 /* ios-open-market-refact */ = {
			isa = PBXGroup;
			children = (
				459EDB5C291CADD700B1A7EB /* Resource */,
				459EDB5B291CADC500B1A7EB /* Source */,
			);
			path = "ios-open-market-refact";
			sourceTree = "<group>";
		};
		4D8B7BBA291CDEF400A6E5F2 /* Utill */ = {
			isa = PBXGroup;
			children = (
				454DAB8A29260795002CC8D6 /* CustomDataType */,
				4D8B7BC8291D24D600A6E5F2 /* Extensiojn */,
				455785B4291D0C720082A983 /* NameSpace */,
				4D8B7BBB291CDF1400A6E5F2 /* Network */,
			);
			path = Utill;
			sourceTree = "<group>";
		};
		4D8B7BBB291CDF1400A6E5F2 /* Network */ = {
			isa = PBXGroup;
			children = (
				4D8B7BC0291CE3CE00A6E5F2 /* NetworkManager.swift */,
				4D8B7BBC291CE04400A6E5F2 /* HTTPMethod.swift */,
				4D8B7BBE291CE09C00A6E5F2 /* APIRequestProtocol.swift */,
				4D8B7BC2291CE41300A6E5F2 /* OpenMarketRequest.swift */,
				4D8B7BC4291CE45B00A6E5F2 /* APIError.swift */,
				455785A6291CF2FF0082A983 /* SessionProtocol.swift */,
			);
			path = Network;
			sourceTree = "<group>";
		};
		4D8B7BC8291D24D600A6E5F2 /* Extensiojn */ = {
			isa = PBXGroup;
			children = (
				4D8B7BC9291D24EA00A6E5F2 /* Data + Extension.swift */,
				455785BA291D317F0082A983 /* UIImage + Extension.swift */,
				4DAEADB5291E64EC0029C029 /* Double + Extension.swift */,
				4DAEADB7291E652B0029C029 /* UILable + Extension.swift */,
				454DAB79292367B3002CC8D6 /* Int + Extension.swift */,
				454DAB7B292371A3002CC8D6 /* UIImageView + Extension.swift */,
				454DAB7F292393E8002CC8D6 /* UIFont + Extension.swift */,
				185E22592923B5F50016E01F /* UITextField + Extension.swift */,
			);
			path = Extensiojn;
			sourceTree = "<group>";
		};
/* End PBXGroup section */

/* Begin PBXNativeTarget section */
		45578599291CEFC90082A983 /* ios-open-market-refact-Tests */ = {
			isa = PBXNativeTarget;
			buildConfigurationList = 455785A2291CEFC90082A983 /* Build configuration list for PBXNativeTarget "ios-open-market-refact-Tests" */;
			buildPhases = (
				45578596291CEFC90082A983 /* Sources */,
				45578597291CEFC90082A983 /* Frameworks */,
				45578598291CEFC90082A983 /* Resources */,
			);
			buildRules = (
			);
			dependencies = (
				4557859F291CEFC90082A983 /* PBXTargetDependency */,
			);
			name = "ios-open-market-refact-Tests";
			productName = "ios-open-market-refact-Tests";
			productReference = 4557859A291CEFC90082A983 /* ios-open-market-refact-Tests.xctest */;
			productType = "com.apple.product-type.bundle.unit-test";
		};
		4D85B717291A1D0000E41E71 /* ios-open-market-refact */ = {
			isa = PBXNativeTarget;
			buildConfigurationList = 4D85B72C291A1D0100E41E71 /* Build configuration list for PBXNativeTarget "ios-open-market-refact" */;
			buildPhases = (
				4D85B714291A1D0000E41E71 /* Sources */,
				4D85B715291A1D0000E41E71 /* Frameworks */,
				455785AC291CF6380082A983 /* Resources */,
			);
			buildRules = (
			);
			dependencies = (
			);
			name = "ios-open-market-refact";
			productName = "ios-open-market-refact";
			productReference = 4D85B718291A1D0000E41E71 /* ios-open-market-refact.app */;
			productType = "com.apple.product-type.application";
		};
/* End PBXNativeTarget section */

/* Begin PBXProject section */
		4D85B710291A1D0000E41E71 /* Project object */ = {
			isa = PBXProject;
			attributes = {
				BuildIndependentTargetsInParallel = 1;
				LastSwiftUpdateCheck = 1410;
				LastUpgradeCheck = 1410;
				TargetAttributes = {
					45578599291CEFC90082A983 = {
						CreatedOnToolsVersion = 14.1;
						TestTargetID = 4D85B717291A1D0000E41E71;
					};
					4D85B717291A1D0000E41E71 = {
						CreatedOnToolsVersion = 14.1;
					};
				};
			};
			buildConfigurationList = 4D85B713291A1D0000E41E71 /* Build configuration list for PBXProject "ios-open-market-refact" */;
			compatibilityVersion = "Xcode 14.0";
			developmentRegion = en;
			hasScannedForEncodings = 0;
			knownRegions = (
				en,
				Base,
			);
			mainGroup = 4D85B70F291A1D0000E41E71;
			productRefGroup = 4D85B719291A1D0000E41E71 /* Products */;
			projectDirPath = "";
			projectRoot = "";
			targets = (
				4D85B717291A1D0000E41E71 /* ios-open-market-refact */,
				45578599291CEFC90082A983 /* ios-open-market-refact-Tests */,
			);
		};
/* End PBXProject section */

/* Begin PBXResourcesBuildPhase section */
		45578598291CEFC90082A983 /* Resources */ = {
			isa = PBXResourcesBuildPhase;
			buildActionMask = 2147483647;
			files = (
			);
			runOnlyForDeploymentPostprocessing = 0;
		};
		455785AC291CF6380082A983 /* Resources */ = {
			isa = PBXResourcesBuildPhase;
			buildActionMask = 2147483647;
			files = (
				4D8B7BCC291D4E8D00A6E5F2 /* Assets.xcassets in Resources */,
				455785B1291CF6B20082A983 /* ProductListMockData.json in Resources */,
			);
			runOnlyForDeploymentPostprocessing = 0;
		};
/* End PBXResourcesBuildPhase section */

/* Begin PBXSourcesBuildPhase section */
		45578596291CEFC90082A983 /* Sources */ = {
			isa = PBXSourcesBuildPhase;
			buildActionMask = 2147483647;
			files = (
				455785AB291CF49C0082A983 /* MockData.swift in Sources */,
				455785A9291CF33A0082A983 /* StubSession.swift in Sources */,
				4557859D291CEFC90082A983 /* NetworkTest.swift in Sources */,
			);
			runOnlyForDeploymentPostprocessing = 0;
		};
		4D85B714291A1D0000E41E71 /* Sources */ = {
			isa = PBXSourcesBuildPhase;
			buildActionMask = 2147483647;
			files = (
				454DAB8C292607B0002CC8D6 /* DownloadableUIImageView.swift in Sources */,
				455785B8291D0D620082A983 /* ProductDeleteKey.swift in Sources */,
				455785A7291CF2FF0082A983 /* SessionProtocol.swift in Sources */,
				4DAEADB8291E652B0029C029 /* UILable + Extension.swift in Sources */,
				454DAB7829223E64002CC8D6 /* ProductInfoStackView.swift in Sources */,
				18A132CB2921FB4D00E6FE34 /* ProductRegistViewController.swift in Sources */,
				455785B8291D0D620082A983 /* ProductDeleteKey.swift in Sources */,
				455785A7291CF2FF0082A983 /* SessionProtocol.swift in Sources */,
				4DAEADB8291E652B0029C029 /* UILable + Extension.swift in Sources */,
				18A132CD2921FD0600E6FE34 /* ProductRegistView.swift in Sources */,
				4D8B7BCA291D24EA00A6E5F2 /* Data + Extension.swift in Sources */,
				4D8B7BC7291D031200A6E5F2 /* ProductDetail.swift in Sources */,
				4D8B7BBF291CE09C00A6E5F2 /* APIRequestProtocol.swift in Sources */,
				454DAB832923FEBF002CC8D6 /* MainViewController.swift in Sources */,
				455785BD291E55A20082A983 /* ProductListViewController.swift in Sources */,
				454DAB7429221428002CC8D6 /* ProductDetailViewController.swift in Sources */,
				455785C1291E57910082A983 /* ProductListView.swift in Sources */,
				45578592291CB20F0082A983 /* CurrencyEnum.swift in Sources */,
				4D8B7BC5291CE45B00A6E5F2 /* APIError.swift in Sources */,
				454DAB8529240064002CC8D6 /* ProductMiniListView.swift in Sources */,
				454DAB7A292367B3002CC8D6 /* Int + Extension.swift in Sources */,
				455785B3291D0B730082A983 /* RegistrationProduct.swift in Sources */,
				4DAEADB6291E64EC0029C029 /* Double + Extension.swift in Sources */,
				454DAB87292401F5002CC8D6 /* ProductMiniListTitleStackView.swift in Sources */,
				454DAB80292393E8002CC8D6 /* UIFont + Extension.swift in Sources */,
				4D8B7BBD291CE04400A6E5F2 /* HTTPMethod.swift in Sources */,
				454DAB7C292371A3002CC8D6 /* UIImageView + Extension.swift in Sources */,
				455785C3291E5C660082A983 /* ProductListViewCell.swift in Sources */,
				185E225A2923B5F50016E01F /* UITextField + Extension.swift in Sources */,
				455785BB291D317F0082A983 /* UIImage + Extension.swift in Sources */,
				454DAB7629221CF2002CC8D6 /* ProductDetailView.swift in Sources */,
				4D8B7BC1291CE3CE00A6E5F2 /* NetworkManager.swift in Sources */,
				4D85B71C291A1D0000E41E71 /* AppDelegate.swift in Sources */,
				454DAB8929240B99002CC8D6 /* ProductMiniListViewCell.swift in Sources */,
				4D85B71E291A1D0000E41E71 /* SceneDelegate.swift in Sources */,
				4D8B7BC3291CE41300A6E5F2 /* OpenMarketRequest.swift in Sources */,
				455785B6291D0C7E0082A983 /* UserInfo.swift in Sources */,
				18A132CF29224CE400E6FE34 /* ProductRegistCollectionViewCell.swift in Sources */,
				459EDB5F291CAE4700B1A7EB /* ProductListModel.swift in Sources */,
			);
			runOnlyForDeploymentPostprocessing = 0;
		};
/* End PBXSourcesBuildPhase section */

/* Begin PBXTargetDependency section */
		4557859F291CEFC90082A983 /* PBXTargetDependency */ = {
			isa = PBXTargetDependency;
			target = 4D85B717291A1D0000E41E71 /* ios-open-market-refact */;
			targetProxy = 4557859E291CEFC90082A983 /* PBXContainerItemProxy */;
		};
/* End PBXTargetDependency section */

/* Begin XCBuildConfiguration section */
		455785A0291CEFC90082A983 /* Debug */ = {
			isa = XCBuildConfiguration;
			buildSettings = {
				BUNDLE_LOADER = "$(TEST_HOST)";
				CODE_SIGN_STYLE = Automatic;
				CURRENT_PROJECT_VERSION = 1;
				DEVELOPMENT_TEAM = R86M48N8C3;
				GENERATE_INFOPLIST_FILE = YES;
				IPHONEOS_DEPLOYMENT_TARGET = 16.1;
				MACOSX_DEPLOYMENT_TARGET = 12.6;
				MARKETING_VERSION = 1.0;
				PRODUCT_BUNDLE_IDENTIFIER = "com.Kiwi.ios-open-market-refact.ios-open-market-refact-Tests";
				PRODUCT_NAME = "$(TARGET_NAME)";
				SDKROOT = auto;
				SUPPORTED_PLATFORMS = "iphoneos iphonesimulator macosx";
				SWIFT_EMIT_LOC_STRINGS = NO;
				SWIFT_VERSION = 5.0;
				TARGETED_DEVICE_FAMILY = "1,2";
				TEST_HOST = "$(BUILT_PRODUCTS_DIR)/ios-open-market-refact.app/$(BUNDLE_EXECUTABLE_FOLDER_PATH)/ios-open-market-refact";
			};
			name = Debug;
		};
		455785A1291CEFC90082A983 /* Release */ = {
			isa = XCBuildConfiguration;
			buildSettings = {
				BUNDLE_LOADER = "$(TEST_HOST)";
				CODE_SIGN_STYLE = Automatic;
				CURRENT_PROJECT_VERSION = 1;
				DEVELOPMENT_TEAM = R86M48N8C3;
				GENERATE_INFOPLIST_FILE = YES;
				IPHONEOS_DEPLOYMENT_TARGET = 16.1;
				MACOSX_DEPLOYMENT_TARGET = 12.6;
				MARKETING_VERSION = 1.0;
				PRODUCT_BUNDLE_IDENTIFIER = "com.Kiwi.ios-open-market-refact.ios-open-market-refact-Tests";
				PRODUCT_NAME = "$(TARGET_NAME)";
				SDKROOT = auto;
				SUPPORTED_PLATFORMS = "iphoneos iphonesimulator macosx";
				SWIFT_EMIT_LOC_STRINGS = NO;
				SWIFT_VERSION = 5.0;
				TARGETED_DEVICE_FAMILY = "1,2";
				TEST_HOST = "$(BUILT_PRODUCTS_DIR)/ios-open-market-refact.app/$(BUNDLE_EXECUTABLE_FOLDER_PATH)/ios-open-market-refact";
			};
			name = Release;
		};
		4D85B72A291A1D0100E41E71 /* Debug */ = {
			isa = XCBuildConfiguration;
			buildSettings = {
				ALWAYS_SEARCH_USER_PATHS = NO;
				CLANG_ANALYZER_NONNULL = YES;
				CLANG_ANALYZER_NUMBER_OBJECT_CONVERSION = YES_AGGRESSIVE;
				CLANG_CXX_LANGUAGE_STANDARD = "gnu++20";
				CLANG_ENABLE_MODULES = YES;
				CLANG_ENABLE_OBJC_ARC = YES;
				CLANG_ENABLE_OBJC_WEAK = YES;
				CLANG_WARN_BLOCK_CAPTURE_AUTORELEASING = YES;
				CLANG_WARN_BOOL_CONVERSION = YES;
				CLANG_WARN_COMMA = YES;
				CLANG_WARN_CONSTANT_CONVERSION = YES;
				CLANG_WARN_DEPRECATED_OBJC_IMPLEMENTATIONS = YES;
				CLANG_WARN_DIRECT_OBJC_ISA_USAGE = YES_ERROR;
				CLANG_WARN_DOCUMENTATION_COMMENTS = YES;
				CLANG_WARN_EMPTY_BODY = YES;
				CLANG_WARN_ENUM_CONVERSION = YES;
				CLANG_WARN_INFINITE_RECURSION = YES;
				CLANG_WARN_INT_CONVERSION = YES;
				CLANG_WARN_NON_LITERAL_NULL_CONVERSION = YES;
				CLANG_WARN_OBJC_IMPLICIT_RETAIN_SELF = YES;
				CLANG_WARN_OBJC_LITERAL_CONVERSION = YES;
				CLANG_WARN_OBJC_ROOT_CLASS = YES_ERROR;
				CLANG_WARN_QUOTED_INCLUDE_IN_FRAMEWORK_HEADER = YES;
				CLANG_WARN_RANGE_LOOP_ANALYSIS = YES;
				CLANG_WARN_STRICT_PROTOTYPES = YES;
				CLANG_WARN_SUSPICIOUS_MOVE = YES;
				CLANG_WARN_UNGUARDED_AVAILABILITY = YES_AGGRESSIVE;
				CLANG_WARN_UNREACHABLE_CODE = YES;
				CLANG_WARN__DUPLICATE_METHOD_MATCH = YES;
				COPY_PHASE_STRIP = NO;
				DEBUG_INFORMATION_FORMAT = dwarf;
				ENABLE_STRICT_OBJC_MSGSEND = YES;
				ENABLE_TESTABILITY = YES;
				GCC_C_LANGUAGE_STANDARD = gnu11;
				GCC_DYNAMIC_NO_PIC = NO;
				GCC_NO_COMMON_BLOCKS = YES;
				GCC_OPTIMIZATION_LEVEL = 0;
				GCC_PREPROCESSOR_DEFINITIONS = (
					"DEBUG=1",
					"$(inherited)",
				);
				GCC_WARN_64_TO_32_BIT_CONVERSION = YES;
				GCC_WARN_ABOUT_RETURN_TYPE = YES_ERROR;
				GCC_WARN_UNDECLARED_SELECTOR = YES;
				GCC_WARN_UNINITIALIZED_AUTOS = YES_AGGRESSIVE;
				GCC_WARN_UNUSED_FUNCTION = YES;
				GCC_WARN_UNUSED_VARIABLE = YES;
				INFOPLIST_FILE = "ios-open-market-refact/Source/Info.plist";
				INFOPLIST_KEY_UILaunchScreen_Generation = NO;
				IPHONEOS_DEPLOYMENT_TARGET = 16.1;
				MTL_ENABLE_DEBUG_INFO = INCLUDE_SOURCE;
				MTL_FAST_MATH = YES;
				ONLY_ACTIVE_ARCH = YES;
				SDKROOT = iphoneos;
				SWIFT_ACTIVE_COMPILATION_CONDITIONS = DEBUG;
				SWIFT_OPTIMIZATION_LEVEL = "-Onone";
			};
			name = Debug;
		};
		4D85B72B291A1D0100E41E71 /* Release */ = {
			isa = XCBuildConfiguration;
			buildSettings = {
				ALWAYS_SEARCH_USER_PATHS = NO;
				CLANG_ANALYZER_NONNULL = YES;
				CLANG_ANALYZER_NUMBER_OBJECT_CONVERSION = YES_AGGRESSIVE;
				CLANG_CXX_LANGUAGE_STANDARD = "gnu++20";
				CLANG_ENABLE_MODULES = YES;
				CLANG_ENABLE_OBJC_ARC = YES;
				CLANG_ENABLE_OBJC_WEAK = YES;
				CLANG_WARN_BLOCK_CAPTURE_AUTORELEASING = YES;
				CLANG_WARN_BOOL_CONVERSION = YES;
				CLANG_WARN_COMMA = YES;
				CLANG_WARN_CONSTANT_CONVERSION = YES;
				CLANG_WARN_DEPRECATED_OBJC_IMPLEMENTATIONS = YES;
				CLANG_WARN_DIRECT_OBJC_ISA_USAGE = YES_ERROR;
				CLANG_WARN_DOCUMENTATION_COMMENTS = YES;
				CLANG_WARN_EMPTY_BODY = YES;
				CLANG_WARN_ENUM_CONVERSION = YES;
				CLANG_WARN_INFINITE_RECURSION = YES;
				CLANG_WARN_INT_CONVERSION = YES;
				CLANG_WARN_NON_LITERAL_NULL_CONVERSION = YES;
				CLANG_WARN_OBJC_IMPLICIT_RETAIN_SELF = YES;
				CLANG_WARN_OBJC_LITERAL_CONVERSION = YES;
				CLANG_WARN_OBJC_ROOT_CLASS = YES_ERROR;
				CLANG_WARN_QUOTED_INCLUDE_IN_FRAMEWORK_HEADER = YES;
				CLANG_WARN_RANGE_LOOP_ANALYSIS = YES;
				CLANG_WARN_STRICT_PROTOTYPES = YES;
				CLANG_WARN_SUSPICIOUS_MOVE = YES;
				CLANG_WARN_UNGUARDED_AVAILABILITY = YES_AGGRESSIVE;
				CLANG_WARN_UNREACHABLE_CODE = YES;
				CLANG_WARN__DUPLICATE_METHOD_MATCH = YES;
				COPY_PHASE_STRIP = NO;
				DEBUG_INFORMATION_FORMAT = "dwarf-with-dsym";
				ENABLE_NS_ASSERTIONS = NO;
				ENABLE_STRICT_OBJC_MSGSEND = YES;
				GCC_C_LANGUAGE_STANDARD = gnu11;
				GCC_NO_COMMON_BLOCKS = YES;
				GCC_WARN_64_TO_32_BIT_CONVERSION = YES;
				GCC_WARN_ABOUT_RETURN_TYPE = YES_ERROR;
				GCC_WARN_UNDECLARED_SELECTOR = YES;
				GCC_WARN_UNINITIALIZED_AUTOS = YES_AGGRESSIVE;
				GCC_WARN_UNUSED_FUNCTION = YES;
				GCC_WARN_UNUSED_VARIABLE = YES;
				INFOPLIST_FILE = "ios-open-market-refact/Source/Info.plist";
				INFOPLIST_KEY_UILaunchScreen_Generation = NO;
				IPHONEOS_DEPLOYMENT_TARGET = 16.1;
				MTL_ENABLE_DEBUG_INFO = NO;
				MTL_FAST_MATH = YES;
				SDKROOT = iphoneos;
				SWIFT_COMPILATION_MODE = wholemodule;
				SWIFT_OPTIMIZATION_LEVEL = "-O";
				VALIDATE_PRODUCT = YES;
			};
			name = Release;
		};
		4D85B72D291A1D0100E41E71 /* Debug */ = {
			isa = XCBuildConfiguration;
			buildSettings = {
				ASSETCATALOG_COMPILER_APPICON_NAME = AppIcon;
				ASSETCATALOG_COMPILER_GLOBAL_ACCENT_COLOR_NAME = AccentColor;
				CODE_SIGN_STYLE = Automatic;
				CURRENT_PROJECT_VERSION = 1;
				GENERATE_INFOPLIST_FILE = YES;
				INFOPLIST_FILE = "ios-open-market-refact/Source/Info.plist";
				INFOPLIST_KEY_UIApplicationSupportsIndirectInputEvents = YES;
				INFOPLIST_KEY_UILaunchScreen_Generation = YES;
				INFOPLIST_KEY_UIMainStoryboardFile = "";
				INFOPLIST_KEY_UISupportedInterfaceOrientations_iPad = "UIInterfaceOrientationPortrait UIInterfaceOrientationPortraitUpsideDown UIInterfaceOrientationLandscapeLeft UIInterfaceOrientationLandscapeRight";
				INFOPLIST_KEY_UISupportedInterfaceOrientations_iPhone = "UIInterfaceOrientationPortrait UIInterfaceOrientationLandscapeLeft UIInterfaceOrientationLandscapeRight";
				LD_RUNPATH_SEARCH_PATHS = (
					"$(inherited)",
					"@executable_path/Frameworks",
				);
				MARKETING_VERSION = 1.0;
				PRODUCT_BUNDLE_IDENTIFIER = "com.Kiwi.ios-open-market-refact";
				PRODUCT_NAME = "$(TARGET_NAME)";
				SWIFT_EMIT_LOC_STRINGS = YES;
				SWIFT_VERSION = 5.0;
				TARGETED_DEVICE_FAMILY = "1,2";
			};
			name = Debug;
		};
		4D85B72E291A1D0100E41E71 /* Release */ = {
			isa = XCBuildConfiguration;
			buildSettings = {
				ASSETCATALOG_COMPILER_APPICON_NAME = AppIcon;
				ASSETCATALOG_COMPILER_GLOBAL_ACCENT_COLOR_NAME = AccentColor;
				CODE_SIGN_STYLE = Automatic;
				CURRENT_PROJECT_VERSION = 1;
				GENERATE_INFOPLIST_FILE = YES;
				INFOPLIST_FILE = "ios-open-market-refact/Source/Info.plist";
				INFOPLIST_KEY_UIApplicationSupportsIndirectInputEvents = YES;
				INFOPLIST_KEY_UILaunchScreen_Generation = YES;
				INFOPLIST_KEY_UIMainStoryboardFile = "";
				INFOPLIST_KEY_UISupportedInterfaceOrientations_iPad = "UIInterfaceOrientationPortrait UIInterfaceOrientationPortraitUpsideDown UIInterfaceOrientationLandscapeLeft UIInterfaceOrientationLandscapeRight";
				INFOPLIST_KEY_UISupportedInterfaceOrientations_iPhone = "UIInterfaceOrientationPortrait UIInterfaceOrientationLandscapeLeft UIInterfaceOrientationLandscapeRight";
				LD_RUNPATH_SEARCH_PATHS = (
					"$(inherited)",
					"@executable_path/Frameworks",
				);
				MARKETING_VERSION = 1.0;
				PRODUCT_BUNDLE_IDENTIFIER = "com.Kiwi.ios-open-market-refact";
				PRODUCT_NAME = "$(TARGET_NAME)";
				SWIFT_EMIT_LOC_STRINGS = YES;
				SWIFT_VERSION = 5.0;
				TARGETED_DEVICE_FAMILY = "1,2";
			};
			name = Release;
		};
/* End XCBuildConfiguration section */

/* Begin XCConfigurationList section */
		455785A2291CEFC90082A983 /* Build configuration list for PBXNativeTarget "ios-open-market-refact-Tests" */ = {
			isa = XCConfigurationList;
			buildConfigurations = (
				455785A0291CEFC90082A983 /* Debug */,
				455785A1291CEFC90082A983 /* Release */,
			);
			defaultConfigurationIsVisible = 0;
			defaultConfigurationName = Release;
		};
		4D85B713291A1D0000E41E71 /* Build configuration list for PBXProject "ios-open-market-refact" */ = {
			isa = XCConfigurationList;
			buildConfigurations = (
				4D85B72A291A1D0100E41E71 /* Debug */,
				4D85B72B291A1D0100E41E71 /* Release */,
			);
			defaultConfigurationIsVisible = 0;
			defaultConfigurationName = Release;
		};
		4D85B72C291A1D0100E41E71 /* Build configuration list for PBXNativeTarget "ios-open-market-refact" */ = {
			isa = XCConfigurationList;
			buildConfigurations = (
				4D85B72D291A1D0100E41E71 /* Debug */,
				4D85B72E291A1D0100E41E71 /* Release */,
			);
			defaultConfigurationIsVisible = 0;
			defaultConfigurationName = Release;
		};
/* End XCConfigurationList section */
	};
	rootObject = 4D85B710291A1D0000E41E71 /* Project object */;
}
